---
alias: Auto-lock front door when closed
id: entrance_nuki_autolock
mode: single
description: Automatically locks Nuki when door has been closed for 30 seconds
triggers:
  # First trigger: Door has been closed
  - platform: state
    entity_id: binary_sensor.aqara_contact_door_entrance_contact
    to: "off" # "off" means closed
    for:
      seconds: 30
  # Second trigger: Lock has been unlocked
  - platform: state
    entity_id: lock.nuki_2
    to: unlocked
    for:
      minutes: 2
conditions:
  # Conditions for the door closed trigger
  - condition: state
    entity_id: lock.nuki_2
    state: unlocked
  - condition: state
    entity_id: binary_sensor.aqara_contact_door_entrance_contact
    state: "off" # Double check door is still closed
actions:
  - service: lock.lock
    target:
      entity_id: lock.nuki_2
